
Microsoft Visual Studio Solution File, Format Version 12.00
# Visual Studio Version 17
VisualStudioVersion = 17.1.32319.34
MinimumVisualStudioVersion = 10.0.40219.1
Project("{FAE04EC0-301F-11D3-BF4B-00C04F79EFBC}") = "Ano Bissexto", "Ano Bissexto\Ano Bissexto.csproj", "{7022F439-A4EC-42EE-9F0C-96B5AD463DF5}"
EndProject
Global
	GlobalSection(SolutionConfigurationPlatforms) = preSolution
		Debug|Any CPU = Debug|Any CPU
		Release|Any CPU = Release|Any CPU
	EndGlobalSection
	GlobalSection(ProjectConfigurationPlatforms) = postSolution
		{7022F439-A4EC-42EE-9F0C-96B5AD463DF5}.Debug|Any CPU.ActiveCfg = Debug|Any CPU
		{7022F439-A4EC-42EE-9F0C-96B5AD463DF5}.Debug|Any CPU.Build.0 = Debug|Any CPU
		{7022F439-A4EC-42EE-9F0C-96B5AD463DF5}.Release|Any CPU.ActiveCfg = Release|Any CPU
		{7022F439-A4EC-42EE-9F0C-96B5AD463DF5}.Release|Any CPU.Build.0 = Release|Any CPU
	EndGlobalSection
	GlobalSection(SolutionProperties) = preSolution
		HideSolutionNode = FALSE
	EndGlobalSection
	GlobalSection(ExtensibilityGlobals) = postSolution
		SolutionGuid = {8A460E0B-3FB1-4688-9226-A83D25632DE3}
	EndGlobalSection
EndGlobal
